<?xml version="1.0" encoding="utf-8"?>
<Project ToolsVersion="4.0" xmlns="http://schemas.microsoft.com/developer/msbuild/2003">
  <ItemGroup>
    <Filter Include="Source Files">
      <UniqueIdentifier>{4FC737F1-C7A5-4376-A066-2A32D752A2FF}</UniqueIdentifier>
      <Extensions>cpp;c;cc;cxx;def;odl;idl;hpj;bat;asm;asmx</Extensions>
    </Filter>
    <Filter Include="Header Files">
      <UniqueIdentifier>{93995380-89BD-4b04-88EB-625FBE52EBFB}</UniqueIdentifier>
      <Extensions>h;hpp;hxx;hm;inl;inc;xsd</Extensions>
    </Filter>
    <Filter Include="Resource Files">
      <UniqueIdentifier>{67DA6AB6-F800-4c08-8B7A-83BB121AAD01}</UniqueIdentifier>
      <Extensions>rc;ico;cur;bmp;dlg;rc2;rct;bin;rgs;gif;jpg;jpeg;jpe;resx;tiff;tif;png;wav</Extensions>
    </Filter>
    <Filter Include="BigInt">
      <UniqueIdentifier>{9b1efbc8-4f20-4798-b8ac-1c27e2e95aea}</UniqueIdentifier>
    </Filter>
    <Filter Include="Json">
      <UniqueIdentifier>{ab30fb96-901b-44eb-835c-51606e44186d}</UniqueIdentifier>
    </Filter>
  </ItemGroup>
  <ItemGroup>
    <ClCompile Include="..\..\bigint\BigUnsigned.cc">
      <Filter>BigInt</Filter>
    </ClCompile>
    <ClCompile Include="..\..\bigint\BigUnsignedInABase.cc">
      <Filter>BigInt</Filter>
    </ClCompile>
    <ClCompile Include="..\..\bigint\BigInteger.cc">
      <Filter>BigInt</Filter>
    </ClCompile>
    <ClCompile Include="..\..\bigint\BigIntegerAlgorithms.cc">
      <Filter>BigInt</Filter>
    </ClCompile>
    <ClCompile Include="..\..\bigint\BigIntegerUtils.cc">
      <Filter>BigInt</Filter>
    </ClCompile>
    <ClCompile Include="..\..\rsa.cpp">
      <Filter>Source Files</Filter>
    </ClCompile>
    <ClCompile Include="..\..\base64.cpp">
      <Filter>Source Files</Filter>
    </ClCompile>
    <ClCompile Include="..\..\json\json_reader.cpp">
      <Filter>Json</Filter>
    </ClCompile>
    <ClCompile Include="..\..\json\json_value.cpp">
      <Filter>Json</Filter>
    </ClCompile>
    <ClCompile Include="..\..\json\json_writer.cpp">
      <Filter>Json</Filter>
    </ClCompile>
    <ClCompile Include="..\..\webapi.cpp">
      <Filter>Source Files</Filter>
    </ClCompile>
  </ItemGroup>
  <ItemGroup>
    <ClInclude Include="..\..\bigint\BigUnsigned.hh">
      <Filter>BigInt</Filter>
    </ClInclude>
    <ClInclude Include="..\..\bigint\BigUnsignedInABase.hh">
      <Filter>BigInt</Filter>
    </ClInclude>
    <ClInclude Include="..\..\bigint\NumberlikeArray.hh">
      <Filter>BigInt</Filter>
    </ClInclude>
    <ClInclude Include="..\..\bigint\BigInteger.hh">
      <Filter>BigInt</Filter>
    </ClInclude>
    <ClInclude Include="..\..\bigint\BigIntegerAlgorithms.hh">
      <Filter>BigInt</Filter>
    </ClInclude>
    <ClInclude Include="..\..\bigint\BigIntegerLibrary.hh">
      <Filter>BigInt</Filter>
    </ClInclude>
    <ClInclude Include="..\..\bigint\BigIntegerUtils.hh">
      <Filter>BigInt</Filter>
    </ClInclude>
    <ClInclude Include="..\..\rsa.h">
      <Filter>Header Files</Filter>
    </ClInclude>
    <ClInclude Include="..\..\base64.h">
      <Filter>Header Files</Filter>
    </ClInclude>
    <ClInclude Include="..\..\json\json_tool.h">
      <Filter>Json</Filter>
    </ClInclude>
    <ClInclude Include="..\..\json\json\autolink.h">
      <Filter>Json</Filter>
    </ClInclude>
    <ClInclude Include="..\..\json\json\config.h">
      <Filter>Json</Filter>
    </ClInclude>
    <ClInclude Include="..\..\json\json\features.h">
      <Filter>Json</Filter>
    </ClInclude>
    <ClInclude Include="..\..\json\json\forwards.h">
      <Filter>Json</Filter>
    </ClInclude>
    <ClInclude Include="..\..\json\json\json.h">
      <Filter>Json</Filter>
    </ClInclude>
    <ClInclude Include="..\..\json\json\reader.h">
      <Filter>Json</Filter>
    </ClInclude>
    <ClInclude Include="..\..\json\json\value.h">
      <Filter>Json</Filter>
    </ClInclude>
    <ClInclude Include="..\..\json\json\writer.h">
      <Filter>Json</Filter>
    </ClInclude>
    <ClInclude Include="..\..\json\json_batchallocator.h">
      <Filter>Json</Filter>
    </ClInclude>
    <ClInclude Include="..\..\webapi.h">
      <Filter>Header Files</Filter>
    </ClInclude>
  </ItemGroup>
  <ItemGroup>
    <None Include="..\..\json\json_valueiterator.inl">
      <Filter>Json</Filter>
    </None>
    <None Include="..\..\json\json_internalarray.inl">
      <Filter>Json</Filter>
    </None>
    <None Include="..\..\json\json_internalmap.inl">
      <Filter>Json</Filter>
    </None>
  </ItemGroup>
</Project>